// !$*UTF8*$!
{
	archiveVersion = 1;
	classes = {
	};
	objectVersion = 46;
	objects = {

/* Begin PBXBuildFile section */
		1CA658B3A7CAA3052D6521BF /* libPods-UITableViewDemo.a in Frameworks */ = {isa = PBXBuildFile; fileRef = E21302DB3314928FB5887EF0 /* libPods-UITableViewDemo.a */; };
		2EAE009AA34C47920A9C756F /* Main.storyboard in Resources */ = {isa = PBXBuildFile; fileRef = 2EAE00382893106024597B4E /* Main.storyboard */; };
		2EAE0123E07C5B55C5DDC81A /* AppDelegate.m in Sources */ = {isa = PBXBuildFile; fileRef = 2EAE0A1F70FAD5389692F9A2 /* AppDelegate.m */; };
		2EAE0259A7708BA991AC9D86 /* RegisterObject.m in Sources */ = {isa = PBXBuildFile; fileRef = 2EAE0704A700D428E000E621 /* RegisterObject.m */; };
		2EAE031A06AEECADF223645F /* RegisterTextCell.m in Sources */ = {isa = PBXBuildFile; fileRef = 2EAE05A9BE104DA6E5561235 /* RegisterTextCell.m */; };
		2EAE032BC891C24CC22D837F /* ViewController.m in Sources */ = {isa = PBXBuildFile; fileRef = 2EAE0E854BE3A18729187651 /* ViewController.m */; };
		2EAE03670EEA98EF4B0214F1 /* AccessoryTableViewCell.m in Sources */ = {isa = PBXBuildFile; fileRef = 2EAE029644D110F3594544A2 /* AccessoryTableViewCell.m */; };
		2EAE03D9D3B79234911A1A86 /* RegisterController.m in Sources */ = {isa = PBXBuildFile; fileRef = 2EAE0DCB350BAB9D39F83AC6 /* RegisterController.m */; };
		2EAE066016A2E6A33DEBF2B8 /* LaunchScreen.storyboard in Resources */ = {isa = PBXBuildFile; fileRef = 2EAE015C9A8EFBC45D0E1644 /* LaunchScreen.storyboard */; };
		2EAE0673A07A94BF3396F79A /* SexPickerView.m in Sources */ = {isa = PBXBuildFile; fileRef = 2EAE0C9AEF051FA2EBCE4DD5 /* SexPickerView.m */; };
		2EAE06D422040881FFCB4681 /* Podfile in Resources */ = {isa = PBXBuildFile; fileRef = 2EAE08EBC0442A2CE9ADA25F /* Podfile */; };
		2EAE072511934F0D4956350B /* .gitignore in Resources */ = {isa = PBXBuildFile; fileRef = 2EAE0C9C315857C98D3EA6D2 /* .gitignore */; };
		2EAE08049ABCEA270FAC3085 /* DatePickerView.m in Sources */ = {isa = PBXBuildFile; fileRef = 2EAE0924AAF0EB34D53470C7 /* DatePickerView.m */; };
		2EAE0894F1361971CD867D1E /* main.m in Sources */ = {isa = PBXBuildFile; fileRef = 2EAE039B55F4268899B75819 /* main.m */; };
		2EAE08D9ABA9D110C5BD5F3E /* CustomerNavigationViewController.m in Sources */ = {isa = PBXBuildFile; fileRef = 2EAE0B5956201256589051B6 /* CustomerNavigationViewController.m */; };
		2EAE099EC9B61B6AD842FD8D /* Assets.xcassets in Resources */ = {isa = PBXBuildFile; fileRef = 2EAE0C60BAFFC9FF4ADA3921 /* Assets.xcassets */; };
		2EAE0A1B460B55FC0D74DB7B /* HttpRequestHelper.m in Sources */ = {isa = PBXBuildFile; fileRef = 2EAE0FBEDDB9C73AAB50A9F4 /* HttpRequestHelper.m */; };
		2EAE0C8684B4DC3929251AF2 /* UserMessageCell.xib in Resources */ = {isa = PBXBuildFile; fileRef = 2EAE0B03EFB618F127044AC5 /* UserMessageCell.xib */; };
		2EAE0C9C22B77AAAA34AF2FC /* SearchCityPage.m in Sources */ = {isa = PBXBuildFile; fileRef = 2EAE0CA419F5901F628868A7 /* SearchCityPage.m */; };
		2EAE0E3A1B9F448B454553E5 /* UserMessageCell.m in Sources */ = {isa = PBXBuildFile; fileRef = 2EAE0A9402EBB1CE898EF391 /* UserMessageCell.m */; };
		2EAE0F447F748E0B8D5DBF2C /* User.m in Sources */ = {isa = PBXBuildFile; fileRef = 2EAE090C80B1FE075BEAC41F /* User.m */; };
/* End PBXBuildFile section */

/* Begin PBXFileReference section */
		14C29306A518A81540497C52 /* Pods-UITableViewDemo.debug.xcconfig */ = {isa = PBXFileReference; includeInIndex = 1; lastKnownFileType = text.xcconfig; name = "Pods-UITableViewDemo.debug.xcconfig"; path = "Pods/Target Support Files/Pods-UITableViewDemo/Pods-UITableViewDemo.debug.xcconfig"; sourceTree = "<group>"; };
		2EAE0259FFEEA9823091C39E /* AccessoryTableViewCell.h */ = {isa = PBXFileReference; fileEncoding = 4; lastKnownFileType = sourcecode.c.h; path = AccessoryTableViewCell.h; sourceTree = "<group>"; };
		2EAE029644D110F3594544A2 /* AccessoryTableViewCell.m */ = {isa = PBXFileReference; fileEncoding = 4; lastKnownFileType = sourcecode.c.objc; path = AccessoryTableViewCell.m; sourceTree = "<group>"; };
		2EAE02CDD65A4DAD87DCE778 /* CustomerNavigationViewController.h */ = {isa = PBXFileReference; fileEncoding = 4; lastKnownFileType = sourcecode.c.h; path = CustomerNavigationViewController.h; sourceTree = "<group>"; };
		2EAE02D3010C697849130F3F /* RegisterObject.h */ = {isa = PBXFileReference; fileEncoding = 4; lastKnownFileType = sourcecode.c.h; path = RegisterObject.h; sourceTree = "<group>"; };
		2EAE03850D52A4B6425020A4 /* SearchCityPage.h */ = {isa = PBXFileReference; fileEncoding = 4; lastKnownFileType = sourcecode.c.h; path = SearchCityPage.h; sourceTree = "<group>"; };
		2EAE039B55F4268899B75819 /* main.m */ = {isa = PBXFileReference; lastKnownFileType = sourcecode.c.objc; path = main.m; sourceTree = "<group>"; };
		2EAE0540EA753DFABC8CFC24 /* UserMessageCell.h */ = {isa = PBXFileReference; fileEncoding = 4; lastKnownFileType = sourcecode.c.h; path = UserMessageCell.h; sourceTree = "<group>"; };
		2EAE05A9BE104DA6E5561235 /* RegisterTextCell.m */ = {isa = PBXFileReference; fileEncoding = 4; lastKnownFileType = sourcecode.c.objc; path = RegisterTextCell.m; sourceTree = "<group>"; };
		2EAE064C981EB2590EB76DF7 /* UITableViewDemo.app */ = {isa = PBXFileReference; explicitFileType = wrapper.application; includeInIndex = 0; path = UITableViewDemo.app; sourceTree = BUILT_PRODUCTS_DIR; };
		2EAE0704A700D428E000E621 /* RegisterObject.m */ = {isa = PBXFileReference; fileEncoding = 4; lastKnownFileType = sourcecode.c.objc; path = RegisterObject.m; sourceTree = "<group>"; };
		2EAE08EBC0442A2CE9ADA25F /* Podfile */ = {isa = PBXFileReference; fileEncoding = 4; lastKnownFileType = text; path = Podfile; sourceTree = "<group>"; };
		2EAE090C80B1FE075BEAC41F /* User.m */ = {isa = PBXFileReference; fileEncoding = 4; lastKnownFileType = sourcecode.c.objc; path = User.m; sourceTree = "<group>"; };
		2EAE091392F1C32ECB697343 /* AppDelegate.h */ = {isa = PBXFileReference; lastKnownFileType = sourcecode.c.h; path = AppDelegate.h; sourceTree = "<group>"; };
		2EAE09182B2CE5938CC21FA6 /* RegisterController.h */ = {isa = PBXFileReference; fileEncoding = 4; lastKnownFileType = sourcecode.c.h; path = RegisterController.h; sourceTree = "<group>"; };
		2EAE0924AAF0EB34D53470C7 /* DatePickerView.m */ = {isa = PBXFileReference; fileEncoding = 4; lastKnownFileType = sourcecode.c.objc; path = DatePickerView.m; sourceTree = "<group>"; };
		2EAE0A1F70FAD5389692F9A2 /* AppDelegate.m */ = {isa = PBXFileReference; lastKnownFileType = sourcecode.c.objc; path = AppDelegate.m; sourceTree = "<group>"; };
		2EAE0A5F424AE9829A7A261E /* SexPickerView.h */ = {isa = PBXFileReference; fileEncoding = 4; lastKnownFileType = sourcecode.c.h; path = SexPickerView.h; sourceTree = "<group>"; };
		2EAE0A9402EBB1CE898EF391 /* UserMessageCell.m */ = {isa = PBXFileReference; fileEncoding = 4; lastKnownFileType = sourcecode.c.objc; path = UserMessageCell.m; sourceTree = "<group>"; };
		2EAE0B03EFB618F127044AC5 /* UserMessageCell.xib */ = {isa = PBXFileReference; lastKnownFileType = file.xib; path = UserMessageCell.xib; sourceTree = "<group>"; };
		2EAE0B166E3AE37CA348ECBA /* User.h */ = {isa = PBXFileReference; fileEncoding = 4; lastKnownFileType = sourcecode.c.h; path = User.h; sourceTree = "<group>"; };
		2EAE0B34A88035D9255E5668 /* RegisterTextCell.h */ = {isa = PBXFileReference; fileEncoding = 4; lastKnownFileType = sourcecode.c.h; path = RegisterTextCell.h; sourceTree = "<group>"; };
		2EAE0B5956201256589051B6 /* CustomerNavigationViewController.m */ = {isa = PBXFileReference; fileEncoding = 4; lastKnownFileType = sourcecode.c.objc; path = CustomerNavigationViewController.m; sourceTree = "<group>"; };
		2EAE0C60BAFFC9FF4ADA3921 /* Assets.xcassets */ = {isa = PBXFileReference; lastKnownFileType = folder.assetcatalog; path = Assets.xcassets; sourceTree = "<group>"; };
		2EAE0C65B580725AD5BE0D9F /* ViewController.h */ = {isa = PBXFileReference; fileEncoding = 4; lastKnownFileType = sourcecode.c.h; path = ViewController.h; sourceTree = "<group>"; };
		2EAE0C867F43103093F0AF4A /* Base */ = {isa = PBXFileReference; lastKnownFileType = file.storyboard; name = Base; path = Base.lproj/Main.storyboard; sourceTree = "<group>"; };
		2EAE0C9AEF051FA2EBCE4DD5 /* SexPickerView.m */ = {isa = PBXFileReference; fileEncoding = 4; lastKnownFileType = sourcecode.c.objc; path = SexPickerView.m; sourceTree = "<group>"; };
		2EAE0C9C315857C98D3EA6D2 /* .gitignore */ = {isa = PBXFileReference; lastKnownFileType = file.gitignore; path = .gitignore; sourceTree = "<group>"; };
		2EAE0CA419F5901F628868A7 /* SearchCityPage.m */ = {isa = PBXFileReference; fileEncoding = 4; lastKnownFileType = sourcecode.c.objc; path = SearchCityPage.m; sourceTree = "<group>"; };
		2EAE0CBA93EAC9C5FD971CB9 /* HttpRequestHelper.h */ = {isa = PBXFileReference; fileEncoding = 4; lastKnownFileType = sourcecode.c.h; path = HttpRequestHelper.h; sourceTree = "<group>"; };
		2EAE0DCB350BAB9D39F83AC6 /* RegisterController.m */ = {isa = PBXFileReference; fileEncoding = 4; lastKnownFileType = sourcecode.c.objc; path = RegisterController.m; sourceTree = "<group>"; };
		2EAE0E767982070712CB344B /* DatePickerView.h */ = {isa = PBXFileReference; fileEncoding = 4; lastKnownFileType = sourcecode.c.h; path = DatePickerView.h; sourceTree = "<group>"; };
		2EAE0E854BE3A18729187651 /* ViewController.m */ = {isa = PBXFileReference; fileEncoding = 4; lastKnownFileType = sourcecode.c.objc; path = ViewController.m; sourceTree = "<group>"; };
		2EAE0ECBF5E5FE5AA3832FC7 /* Info.plist */ = {isa = PBXFileReference; lastKnownFileType = text.plist.info; path = Info.plist; sourceTree = "<group>"; };
		2EAE0FBEDDB9C73AAB50A9F4 /* HttpRequestHelper.m */ = {isa = PBXFileReference; fileEncoding = 4; lastKnownFileType = sourcecode.c.objc; path = HttpRequestHelper.m; sourceTree = "<group>"; };
		2EAE0FCAED30E7588304467D /* Base */ = {isa = PBXFileReference; lastKnownFileType = file.storyboard; name = Base; path = Base.lproj/LaunchScreen.storyboard; sourceTree = "<group>"; };
		E21302DB3314928FB5887EF0 /* libPods-UITableViewDemo.a */ = {isa = PBXFileReference; explicitFileType = archive.ar; includeInIndex = 0; path = "libPods-UITableViewDemo.a"; sourceTree = BUILT_PRODUCTS_DIR; };
		E32A3C65337FAEA25503DE89 /* Pods-UITableViewDemo.release.xcconfig */ = {isa = PBXFileReference; includeInIndex = 1; lastKnownFileType = text.xcconfig; name = "Pods-UITableViewDemo.release.xcconfig"; path = "Pods/Target Support Files/Pods-UITableViewDemo/Pods-UITableViewDemo.release.xcconfig"; sourceTree = "<group>"; };
/* End PBXFileReference section */

/* Begin PBXFrameworksBuildPhase section */
		2EAE0E4C738318EDB8E8D190 /* Frameworks */ = {
			isa = PBXFrameworksBuildPhase;
			buildActionMask = 2147483647;
			files = (
				1CA658B3A7CAA3052D6521BF /* libPods-UITableViewDemo.a in Frameworks */,
			);
			runOnlyForDeploymentPostprocessing = 0;
		};
/* End PBXFrameworksBuildPhase section */

/* Begin PBXGroup section */
		1C94FCA46BAF54FC92E29688 /* Pods */ = {
			isa = PBXGroup;
			children = (
				14C29306A518A81540497C52 /* Pods-UITableViewDemo.debug.xcconfig */,
				E32A3C65337FAEA25503DE89 /* Pods-UITableViewDemo.release.xcconfig */,
			);
			name = Pods;
			sourceTree = "<group>";
		};
		2EAE00459039A85834BB4F16 /* Util */ = {
			isa = PBXGroup;
			children = (
				2EAE0FBEDDB9C73AAB50A9F4 /* HttpRequestHelper.m */,
				2EAE0CBA93EAC9C5FD971CB9 /* HttpRequestHelper.h */,
			);
			path = Util;
			sourceTree = "<group>";
		};
		2EAE00532FC347048A26D528 /* Supporting Files */ = {
			isa = PBXGroup;
			children = (
				2EAE039B55F4268899B75819 /* main.m */,
			);
			name = "Supporting Files";
			sourceTree = "<group>";
		};
		2EAE02F201E895044BE1E0C1 /* Products */ = {
			isa = PBXGroup;
			children = (
				2EAE064C981EB2590EB76DF7 /* UITableViewDemo.app */,
			);
			name = Products;
			sourceTree = "<group>";
		};
		2EAE03052654A4C5500611EC = {
			isa = PBXGroup;
			children = (
				2EAE02F201E895044BE1E0C1 /* Products */,
				2EAE08578E1F65398ED9CB58 /* UITableViewDemo */,
				2EAE08EBC0442A2CE9ADA25F /* Podfile */,
				1C94FCA46BAF54FC92E29688 /* Pods */,
				AE94E5AC6C5DE3464D082F51 /* Frameworks */,
				2EAE0C9C315857C98D3EA6D2 /* .gitignore */,
			);
			sourceTree = "<group>";
		};
		2EAE068C2F7AF167B358FCF1 /* Model */ = {
			isa = PBXGroup;
			children = (
				2EAE090C80B1FE075BEAC41F /* User.m */,
				2EAE0B166E3AE37CA348ECBA /* User.h */,
				2EAE02D3010C697849130F3F /* RegisterObject.h */,
				2EAE0704A700D428E000E621 /* RegisterObject.m */,
			);
			path = Model;
			sourceTree = "<group>";
		};
		2EAE08578E1F65398ED9CB58 /* UITableViewDemo */ = {
			isa = PBXGroup;
			children = (
				2EAE0ECBF5E5FE5AA3832FC7 /* Info.plist */,
				2EAE0C60BAFFC9FF4ADA3921 /* Assets.xcassets */,
				2EAE015C9A8EFBC45D0E1644 /* LaunchScreen.storyboard */,
				2EAE00532FC347048A26D528 /* Supporting Files */,
				2EAE091392F1C32ECB697343 /* AppDelegate.h */,
				2EAE0A1F70FAD5389692F9A2 /* AppDelegate.m */,
				2EAE00382893106024597B4E /* Main.storyboard */,
				2EAE00459039A85834BB4F16 /* Util */,
				2EAE068C2F7AF167B358FCF1 /* Model */,
				2EAE09479FB64F5C7535411C /* Controller */,
				2EAE0EDA90988A807B5E2E58 /* View */,
			);
			path = UITableViewDemo;
			sourceTree = "<group>";
		};
		2EAE09479FB64F5C7535411C /* Controller */ = {
			isa = PBXGroup;
			children = (
				2EAE09182B2CE5938CC21FA6 /* RegisterController.h */,
				2EAE0DCB350BAB9D39F83AC6 /* RegisterController.m */,
				2EAE0CA419F5901F628868A7 /* SearchCityPage.m */,
				2EAE03850D52A4B6425020A4 /* SearchCityPage.h */,
				2EAE0E854BE3A18729187651 /* ViewController.m */,
				2EAE0C65B580725AD5BE0D9F /* ViewController.h */,
				2EAE0B5956201256589051B6 /* CustomerNavigationViewController.m */,
				2EAE02CDD65A4DAD87DCE778 /* CustomerNavigationViewController.h */,
			);
			path = Controller;
			sourceTree = "<group>";
		};
		2EAE0EDA90988A807B5E2E58 /* View */ = {
			isa = PBXGroup;
			children = (
				2EAE05A9BE104DA6E5561235 /* RegisterTextCell.m */,
				2EAE0259FFEEA9823091C39E /* AccessoryTableViewCell.h */,
				2EAE0B03EFB618F127044AC5 /* UserMessageCell.xib */,
				2EAE0924AAF0EB34D53470C7 /* DatePickerView.m */,
				2EAE0540EA753DFABC8CFC24 /* UserMessageCell.h */,
				2EAE0A5F424AE9829A7A261E /* SexPickerView.h */,
				2EAE0B34A88035D9255E5668 /* RegisterTextCell.h */,
				2EAE0E767982070712CB344B /* DatePickerView.h */,
				2EAE029644D110F3594544A2 /* AccessoryTableViewCell.m */,
				2EAE0C9AEF051FA2EBCE4DD5 /* SexPickerView.m */,
				2EAE0A9402EBB1CE898EF391 /* UserMessageCell.m */,
			);
			path = View;
			sourceTree = "<group>";
		};
		AE94E5AC6C5DE3464D082F51 /* Frameworks */ = {
			isa = PBXGroup;
			children = (
				E21302DB3314928FB5887EF0 /* libPods-UITableViewDemo.a */,
			);
			name = Frameworks;
			sourceTree = "<group>";
		};
/* End PBXGroup section */

/* Begin PBXNativeTarget section */
		2EAE00660DF2CA628A5B058B /* UITableViewDemo */ = {
			isa = PBXNativeTarget;
			buildConfigurationList = 2EAE05056EC239AF391BB740 /* Build configuration list for PBXNativeTarget "UITableViewDemo" */;
			buildPhases = (
				62EEB86913813A516A99026A /* [CP] Check Pods Manifest.lock */,
				2EAE0C49AA0F92C89F5CA1F8 /* Sources */,
				2EAE0E4C738318EDB8E8D190 /* Frameworks */,
				2EAE03CCD4A8D5C5FA2C692E /* Resources */,
				A984314022EE45B6A81F5FC8 /* [CP] Embed Pods Frameworks */,
				C40A21AA417B79423FC34947 /* [CP] Copy Pods Resources */,
			);
			buildRules = (
			);
			dependencies = (
			);
			name = UITableViewDemo;
			productName = UITableViewDemo;
			productReference = 2EAE064C981EB2590EB76DF7 /* UITableViewDemo.app */;
			productType = "com.apple.product-type.application";
		};
/* End PBXNativeTarget section */

/* Begin PBXProject section */
		2EAE0BAD65FF9718FE73EE1A /* Project object */ = {
			isa = PBXProject;
			attributes = {
				ORGANIZATIONNAME = CODY;
			};
			buildConfigurationList = 2EAE0CFA7C59C827DA9704D2 /* Build configuration list for PBXProject "UITableViewDemo" */;
			compatibilityVersion = "Xcode 3.2";
			developmentRegion = English;
			hasScannedForEncodings = 0;
			knownRegions = (
				en,
			);
			mainGroup = 2EAE03052654A4C5500611EC;
			productRefGroup = 2EAE02F201E895044BE1E0C1 /* Products */;
			projectDirPath = "";
			projectRoot = "";
			targets = (
				2EAE00660DF2CA628A5B058B /* UITableViewDemo */,
			);
		};
/* End PBXProject section */

/* Begin PBXResourcesBuildPhase section */
		2EAE03CCD4A8D5C5FA2C692E /* Resources */ = {
			isa = PBXResourcesBuildPhase;
			buildActionMask = 2147483647;
			files = (
				2EAE099EC9B61B6AD842FD8D /* Assets.xcassets in Resources */,
				2EAE066016A2E6A33DEBF2B8 /* LaunchScreen.storyboard in Resources */,
				2EAE009AA34C47920A9C756F /* Main.storyboard in Resources */,
				2EAE0C8684B4DC3929251AF2 /* UserMessageCell.xib in Resources */,
				2EAE06D422040881FFCB4681 /* Podfile in Resources */,
				2EAE072511934F0D4956350B /* .gitignore in Resources */,
			);
			runOnlyForDeploymentPostprocessing = 0;
		};
/* End PBXResourcesBuildPhase section */

/* Begin PBXShellScriptBuildPhase section */
		62EEB86913813A516A99026A /* [CP] Check Pods Manifest.lock */ = {
			isa = PBXShellScriptBuildPhase;
			buildActionMask = 2147483647;
			files = (
			);
			inputPaths = (
				"${PODS_PODFILE_DIR_PATH}/Podfile.lock",
				"${PODS_ROOT}/Manifest.lock",
			);
			name = "[CP] Check Pods Manifest.lock";
			outputPaths = (
				"$(DERIVED_FILE_DIR)/Pods-UITableViewDemo-checkManifestLockResult.txt",
			);
			runOnlyForDeploymentPostprocessing = 0;
			shellPath = /bin/sh;
			shellScript = "diff \"${PODS_PODFILE_DIR_PATH}/Podfile.lock\" \"${PODS_ROOT}/Manifest.lock\" > /dev/null\nif [ $? != 0 ] ; then\n    # print error to STDERR\n    echo \"error: The sandbox is not in sync with the Podfile.lock. Run 'pod install' or update your CocoaPods installation.\" >&2\n    exit 1\nfi\n# This output is used by Xcode 'outputs' to avoid re-running this script phase.\necho \"SUCCESS\" > \"${SCRIPT_OUTPUT_FILE_0}\"\n";
			showEnvVarsInLog = 0;
		};
		A984314022EE45B6A81F5FC8 /* [CP] Embed Pods Frameworks */ = {
			isa = PBXShellScriptBuildPhase;
			buildActionMask = 2147483647;
			files = (
			);
			inputPaths = (
			);
			name = "[CP] Embed Pods Frameworks";
			outputPaths = (
			);
			runOnlyForDeploymentPostprocessing = 0;
			shellPath = /bin/sh;
			shellScript = "\"${SRCROOT}/Pods/Target Support Files/Pods-UITableViewDemo/Pods-UITableViewDemo-frameworks.sh\"\n";
			showEnvVarsInLog = 0;
		};
		C40A21AA417B79423FC34947 /* [CP] Copy Pods Resources */ = {
			isa = PBXShellScriptBuildPhase;
			buildActionMask = 2147483647;
			files = (
			);
			inputPaths = (
			);
			name = "[CP] Copy Pods Resources";
			outputPaths = (
			);
			runOnlyForDeploymentPostprocessing = 0;
			shellPath = /bin/sh;
			shellScript = "\"${SRCROOT}/Pods/Target Support Files/Pods-UITableViewDemo/Pods-UITableViewDemo-resources.sh\"\n";
			showEnvVarsInLog = 0;
		};
/* End PBXShellScriptBuildPhase section */

/* Begin PBXSourcesBuildPhase section */
		2EAE0C49AA0F92C89F5CA1F8 /* Sources */ = {
			isa = PBXSourcesBuildPhase;
			buildActionMask = 2147483647;
			files = (
				2EAE0894F1361971CD867D1E /* main.m in Sources */,
				2EAE0123E07C5B55C5DDC81A /* AppDelegate.m in Sources */,
				2EAE0A1B460B55FC0D74DB7B /* HttpRequestHelper.m in Sources */,
				2EAE0F447F748E0B8D5DBF2C /* User.m in Sources */,
				2EAE031A06AEECADF223645F /* RegisterTextCell.m in Sources */,
				2EAE08049ABCEA270FAC3085 /* DatePickerView.m in Sources */,
				2EAE03670EEA98EF4B0214F1 /* AccessoryTableViewCell.m in Sources */,
				2EAE0673A07A94BF3396F79A /* SexPickerView.m in Sources */,
				2EAE0E3A1B9F448B454553E5 /* UserMessageCell.m in Sources */,
				2EAE03D9D3B79234911A1A86 /* RegisterController.m in Sources */,
				2EAE0C9C22B77AAAA34AF2FC /* SearchCityPage.m in Sources */,
				2EAE032BC891C24CC22D837F /* ViewController.m in Sources */,
				2EAE0259A7708BA991AC9D86 /* RegisterObject.m in Sources */,
				2EAE08D9ABA9D110C5BD5F3E /* CustomerNavigationViewController.m in Sources */,
			);
			runOnlyForDeploymentPostprocessing = 0;
		};
/* End PBXSourcesBuildPhase section */

/* Begin PBXVariantGroup section */
		2EAE00382893106024597B4E /* Main.storyboard */ = {
			isa = PBXVariantGroup;
			children = (
				2EAE0C867F43103093F0AF4A /* Base */,
			);
			name = Main.storyboard;
			sourceTree = "<group>";
		};
		2EAE015C9A8EFBC45D0E1644 /* LaunchScreen.storyboard */ = {
			isa = PBXVariantGroup;
			children = (
				2EAE0FCAED30E7588304467D /* Base */,
			);
			name = LaunchScreen.storyboard;
			sourceTree = "<group>";
		};
/* End PBXVariantGroup section */

/* Begin XCBuildConfiguration section */
		2EAE027D9887EA9BCD7759B6 /* Debug */ = {
			isa = XCBuildConfiguration;
			buildSettings = {
				ALWAYS_SEARCH_USER_PATHS = NO;
				CLANG_ANALYZER_NONNULL = YES;
				CLANG_CXX_LANGUAGE_STANDARD = "gnu++0x";
				CLANG_CXX_LIBRARY = "libc++";
				CLANG_ENABLE_MODULES = YES;
				CLANG_ENABLE_OBJC_ARC = YES;
				CLANG_WARN_BOOL_CONVERSION = YES;
				CLANG_WARN_CONSTANT_CONVERSION = YES;
				CLANG_WARN_DIRECT_OBJC_ISA_USAGE = YES_ERROR;
				CLANG_WARN_DOCUMENTATION_COMMENTS = YES;
				CLANG_WARN_EMPTY_BODY = YES;
				CLANG_WARN_ENUM_CONVERSION = YES;
				CLANG_WARN_INFINITE_RECURSION = YES;
				CLANG_WARN_INT_CONVERSION = YES;
				CLANG_WARN_OBJC_ROOT_CLASS = YES_ERROR;
				CLANG_WARN_SUSPICIOUS_MOVE = YES;
				CLANG_WARN_UNREACHABLE_CODE = YES;
				CLANG_WARN__DUPLICATE_METHOD_MATCH = YES;
				"CODE_SIGN_IDENTITY[sdk=iphoneos*]" = "iPhone Developer";
				COPY_PHASE_STRIP = NO;
				DEBUG_INFORMATION_FORMAT = dwarf;
				ENABLE_STRICT_OBJC_MSGSEND = YES;
				ENABLE_TESTABILITY = YES;
				GCC_C_LANGUAGE_STANDARD = gnu99;
				GCC_DYNAMIC_NO_PIC = NO;
				GCC_NO_COMMON_BLOCKS = YES;
				GCC_OPTIMIZATION_LEVEL = 0;
				GCC_PREPROCESSOR_DEFINITIONS = (
					"DEBUG=1",
					"$(inherited)",
				);
				GCC_WARN_64_TO_32_BIT_CONVERSION = YES;
				GCC_WARN_ABOUT_RETURN_TYPE = YES_ERROR;
				GCC_WARN_UNDECLARED_SELECTOR = YES;
				GCC_WARN_UNINITIALIZED_AUTOS = YES_AGGRESSIVE;
				GCC_WARN_UNUSED_FUNCTION = YES;
				GCC_WARN_UNUSED_VARIABLE = YES;
				IPHONEOS_DEPLOYMENT_TARGET = 10.2;
				MTL_ENABLE_DEBUG_INFO = YES;
				ONLY_ACTIVE_ARCH = YES;
				SDKROOT = iphoneos;
			};
			name = Debug;
		};
		2EAE0783CBA7616BABE81952 /* Release */ = {
			isa = XCBuildConfiguration;
			baseConfigurationReference = E32A3C65337FAEA25503DE89 /* Pods-UITableViewDemo.release.xcconfig */;
			buildSettings = {
				ASSETCATALOG_COMPILER_APPICON_NAME = AppIcon;
				INFOPLIST_FILE = UITableViewDemo/Info.plist;
				LD_RUNPATH_SEARCH_PATHS = "$(inherited) @executable_path/Frameworks";
				PRODUCT_BUNDLE_IDENTIFIER = oocl.UITableViewDemo;
				PRODUCT_NAME = "$(TARGET_NAME)";
			};
			name = Release;
		};
		2EAE0C5B627EC0E8D0566C95 /* Release */ = {
			isa = XCBuildConfiguration;
			buildSettings = {
				ALWAYS_SEARCH_USER_PATHS = NO;
				CLANG_ANALYZER_NONNULL = YES;
				CLANG_CXX_LANGUAGE_STANDARD = "gnu++0x";
				CLANG_CXX_LIBRARY = "libc++";
				CLANG_ENABLE_MODULES = YES;
				CLANG_ENABLE_OBJC_ARC = YES;
				CLANG_WARN_BOOL_CONVERSION = YES;
				CLANG_WARN_CONSTANT_CONVERSION = YES;
				CLANG_WARN_DIRECT_OBJC_ISA_USAGE = YES_ERROR;
				CLANG_WARN_DOCUMENTATION_COMMENTS = YES;
				CLANG_WARN_EMPTY_BODY = YES;
				CLANG_WARN_ENUM_CONVERSION = YES;
				CLANG_WARN_INFINITE_RECURSION = YES;
				CLANG_WARN_INT_CONVERSION = YES;
				CLANG_WARN_OBJC_ROOT_CLASS = YES_ERROR;
				CLANG_WARN_SUSPICIOUS_MOVE = YES;
				CLANG_WARN_UNREACHABLE_CODE = YES;
				CLANG_WARN__DUPLICATE_METHOD_MATCH = YES;
				"CODE_SIGN_IDENTITY[sdk=iphoneos*]" = "iPhone Developer";
				COPY_PHASE_STRIP = NO;
				DEBUG_INFORMATION_FORMAT = "dwarf-with-dsym";
				ENABLE_NS_ASSERTIONS = NO;
				ENABLE_STRICT_OBJC_MSGSEND = YES;
				GCC_C_LANGUAGE_STANDARD = gnu99;
				GCC_NO_COMMON_BLOCKS = YES;
				GCC_WARN_64_TO_32_BIT_CONVERSION = YES;
				GCC_WARN_ABOUT_RETURN_TYPE = YES_ERROR;
				GCC_WARN_UNDECLARED_SELECTOR = YES;
				GCC_WARN_UNINITIALIZED_AUTOS = YES_AGGRESSIVE;
				GCC_WARN_UNUSED_FUNCTION = YES;
				GCC_WARN_UNUSED_VARIABLE = YES;
				IPHONEOS_DEPLOYMENT_TARGET = 10.2;
				MTL_ENABLE_DEBUG_INFO = NO;
				SDKROOT = iphoneos;
				VALIDATE_PRODUCT = YES;
			};
			name = Release;
		};
		2EAE0F7741E186AAE5225043 /* Debug */ = {
			isa = XCBuildConfiguration;
			baseConfigurationReference = 14C29306A518A81540497C52 /* Pods-UITableViewDemo.debug.xcconfig */;
			buildSettings = {
				ASSETCATALOG_COMPILER_APPICON_NAME = AppIcon;
				INFOPLIST_FILE = UITableViewDemo/Info.plist;
				LD_RUNPATH_SEARCH_PATHS = "$(inherited) @executable_path/Frameworks";
				PRODUCT_BUNDLE_IDENTIFIER = oocl.UITableViewDemo;
				PRODUCT_NAME = "$(TARGET_NAME)";
			};
			name = Debug;
		};
/* End XCBuildConfiguration section */

/* Begin XCConfigurationList section */
		2EAE05056EC239AF391BB740 /* Build configuration list for PBXNativeTarget "UITableViewDemo" */ = {
			isa = XCConfigurationList;
			buildConfigurations = (
				2EAE0F7741E186AAE5225043 /* Debug */,
				2EAE0783CBA7616BABE81952 /* Release */,
			);
			defaultConfigurationIsVisible = 0;
			defaultConfigurationName = Release;
		};
		2EAE0CFA7C59C827DA9704D2 /* Build configuration list for PBXProject "UITableViewDemo" */ = {
			isa = XCConfigurationList;
			buildConfigurations = (
				2EAE027D9887EA9BCD7759B6 /* Debug */,
				2EAE0C5B627EC0E8D0566C95 /* Release */,
			);
			defaultConfigurationIsVisible = 0;
			defaultConfigurationName = Release;
		};
/* End XCConfigurationList section */
	};
	rootObject = 2EAE0BAD65FF9718FE73EE1A /* Project object */;
}
