// !$*UTF8*$!
{
	archiveVersion = 1;
	classes = {
	};
	objectVersion = 46;
	objects = {

/* Begin PBXBuildFile section */
		2EAE009AA34C47920A9C756F /* Main.storyboard in Resources */ = {isa = PBXBuildFile; fileRef = 2EAE00382893106024597B4E /* Main.storyboard */; };
		2EAE0123E07C5B55C5DDC81A /* AppDelegate.m in Sources */ = {isa = PBXBuildFile; fileRef = 2EAE0A1F70FAD5389692F9A2 /* AppDelegate.m */; };
		2EAE02ED58561F87A4BD6C2D /* ViewController.m in Sources */ = {isa = PBXBuildFile; fileRef = 2EAE05F66395C3BB62256BEC /* ViewController.m */; };
		2EAE066016A2E6A33DEBF2B8 /* LaunchScreen.storyboard in Resources */ = {isa = PBXBuildFile; fileRef = 2EAE015C9A8EFBC45D0E1644 /* LaunchScreen.storyboard */; };
		2EAE084B097984D3AFBDBA04 /* RegisterObject.m in Sources */ = {isa = PBXBuildFile; fileRef = 2EAE0A551750830BD656911A /* RegisterObject.m */; };
		2EAE0894F1361971CD867D1E /* main.m in Sources */ = {isa = PBXBuildFile; fileRef = 2EAE039B55F4268899B75819 /* main.m */; };
		2EAE099EC9B61B6AD842FD8D /* Assets.xcassets in Resources */ = {isa = PBXBuildFile; fileRef = 2EAE0C60BAFFC9FF4ADA3921 /* Assets.xcassets */; };
		2EAE0BDF3C8DB050D6F4D8EE /* User.m in Sources */ = {isa = PBXBuildFile; fileRef = 2EAE0E38163ACE461975A45A /* User.m */; };
		2EAE0DCB5B853995000BD326 /* DatePickerView.m in Sources */ = {isa = PBXBuildFile; fileRef = 2EAE070B0720B65B6D966D69 /* DatePickerView.m */; };
		C3FFB1FE1F9484660076589D /* UserMessageCell.m in Sources */ = {isa = PBXBuildFile; fileRef = C3FFB1FC1F9484660076589D /* UserMessageCell.m */; };
		C3FFB1FF1F9484660076589D /* UserMessageCell.xib in Resources */ = {isa = PBXBuildFile; fileRef = C3FFB1FD1F9484660076589D /* UserMessageCell.xib */; };
		C3FFB23A1F95C7950076589D /* RegisterController.m in Sources */ = {isa = PBXBuildFile; fileRef = C3FFB2381F95C7950076589D /* RegisterController.m */; };
		C3FFB23B1F95C7950076589D /* RegisterController.xib in Resources */ = {isa = PBXBuildFile; fileRef = C3FFB2391F95C7950076589D /* RegisterController.xib */; };
		C3FFB24E1F974BEB0076589D /* RegisterLabelCell.m in Sources */ = {isa = PBXBuildFile; fileRef = C3FFB24C1F974BEB0076589D /* RegisterLabelCell.m */; };
		C3FFB24F1F974BEB0076589D /* RegisterLabelCell.xib in Resources */ = {isa = PBXBuildFile; fileRef = C3FFB24D1F974BEB0076589D /* RegisterLabelCell.xib */; };
		C3FFB2531F974EEC0076589D /* RegisterTextCell.m in Sources */ = {isa = PBXBuildFile; fileRef = C3FFB2511F974EEC0076589D /* RegisterTextCell.m */; };
		C3FFB2541F974EEC0076589D /* RegisterTextCell.xib in Resources */ = {isa = PBXBuildFile; fileRef = C3FFB2521F974EEC0076589D /* RegisterTextCell.xib */; };
		C3FFB2581F9759920076589D /* AccessoryTableViewCell.m in Sources */ = {isa = PBXBuildFile; fileRef = C3FFB2561F9759920076589D /* AccessoryTableViewCell.m */; };
		C3FFB2591F9759920076589D /* AccessoryTableViewCell.xib in Resources */ = {isa = PBXBuildFile; fileRef = C3FFB2571F9759920076589D /* AccessoryTableViewCell.xib */; };
		C3FFB25C1F975D7F0076589D /* SexPickerView.m in Sources */ = {isa = PBXBuildFile; fileRef = C3FFB25B1F975D7F0076589D /* SexPickerView.m */; };
		C3FFB2601F9835650076589D /* SearchCityPage.m in Sources */ = {isa = PBXBuildFile; fileRef = C3FFB25E1F9835650076589D /* SearchCityPage.m */; };
		C3FFB2611F9835650076589D /* SearchCityPage.xib in Resources */ = {isa = PBXBuildFile; fileRef = C3FFB25F1F9835650076589D /* SearchCityPage.xib */; };
/* End PBXBuildFile section */

/* Begin PBXFileReference section */
		2EAE00489A4E7C0346BC77E5 /* User.h */ = {isa = PBXFileReference; fileEncoding = 4; lastKnownFileType = sourcecode.c.h; path = User.h; sourceTree = "<group>"; };
		2EAE039B55F4268899B75819 /* main.m */ = {isa = PBXFileReference; lastKnownFileType = sourcecode.c.objc; path = main.m; sourceTree = "<group>"; };
		2EAE04BCF1D12620E13ED20A /* DatePickerView.h */ = {isa = PBXFileReference; fileEncoding = 4; lastKnownFileType = sourcecode.c.h; path = DatePickerView.h; sourceTree = "<group>"; };
		2EAE05F66395C3BB62256BEC /* ViewController.m */ = {isa = PBXFileReference; lastKnownFileType = sourcecode.c.objc; path = ViewController.m; sourceTree = "<group>"; };
		2EAE064C981EB2590EB76DF7 /* UITableViewDemo.app */ = {isa = PBXFileReference; explicitFileType = wrapper.application; includeInIndex = 0; path = UITableViewDemo.app; sourceTree = BUILT_PRODUCTS_DIR; };
		2EAE070B0720B65B6D966D69 /* DatePickerView.m */ = {isa = PBXFileReference; fileEncoding = 4; lastKnownFileType = sourcecode.c.objc; path = DatePickerView.m; sourceTree = "<group>"; };
		2EAE07F9AECA9A1E38669027 /* ViewController.h */ = {isa = PBXFileReference; lastKnownFileType = sourcecode.c.h; path = ViewController.h; sourceTree = "<group>"; };
		2EAE091392F1C32ECB697343 /* AppDelegate.h */ = {isa = PBXFileReference; lastKnownFileType = sourcecode.c.h; path = AppDelegate.h; sourceTree = "<group>"; };
		2EAE0A1F70FAD5389692F9A2 /* AppDelegate.m */ = {isa = PBXFileReference; lastKnownFileType = sourcecode.c.objc; path = AppDelegate.m; sourceTree = "<group>"; };
		2EAE0A551750830BD656911A /* RegisterObject.m */ = {isa = PBXFileReference; fileEncoding = 4; lastKnownFileType = sourcecode.c.objc; path = RegisterObject.m; sourceTree = "<group>"; };
		2EAE0C60BAFFC9FF4ADA3921 /* Assets.xcassets */ = {isa = PBXFileReference; lastKnownFileType = folder.assetcatalog; path = Assets.xcassets; sourceTree = "<group>"; };
		2EAE0C867F43103093F0AF4A /* Base */ = {isa = PBXFileReference; lastKnownFileType = file.storyboard; name = Base; path = Base.lproj/Main.storyboard; sourceTree = "<group>"; };
		2EAE0E38163ACE461975A45A /* User.m */ = {isa = PBXFileReference; fileEncoding = 4; lastKnownFileType = sourcecode.c.objc; path = User.m; sourceTree = "<group>"; };
		2EAE0ECBF5E5FE5AA3832FC7 /* Info.plist */ = {isa = PBXFileReference; lastKnownFileType = text.plist.info; path = Info.plist; sourceTree = "<group>"; };
		2EAE0F10DEF2E8EF7BD2FFF6 /* RegisterObject.h */ = {isa = PBXFileReference; fileEncoding = 4; lastKnownFileType = sourcecode.c.h; path = RegisterObject.h; sourceTree = "<group>"; };
		2EAE0FCAED30E7588304467D /* Base */ = {isa = PBXFileReference; lastKnownFileType = file.storyboard; name = Base; path = Base.lproj/LaunchScreen.storyboard; sourceTree = "<group>"; };
		C3FFB1FB1F9484660076589D /* UserMessageCell.h */ = {isa = PBXFileReference; fileEncoding = 4; lastKnownFileType = sourcecode.c.h; path = UserMessageCell.h; sourceTree = "<group>"; };
		C3FFB1FC1F9484660076589D /* UserMessageCell.m */ = {isa = PBXFileReference; fileEncoding = 4; lastKnownFileType = sourcecode.c.objc; path = UserMessageCell.m; sourceTree = "<group>"; };
		C3FFB1FD1F9484660076589D /* UserMessageCell.xib */ = {isa = PBXFileReference; fileEncoding = 4; lastKnownFileType = file.xib; path = UserMessageCell.xib; sourceTree = "<group>"; };
		C3FFB2371F95C7950076589D /* RegisterController.h */ = {isa = PBXFileReference; fileEncoding = 4; lastKnownFileType = sourcecode.c.h; path = RegisterController.h; sourceTree = "<group>"; };
		C3FFB2381F95C7950076589D /* RegisterController.m */ = {isa = PBXFileReference; fileEncoding = 4; lastKnownFileType = sourcecode.c.objc; path = RegisterController.m; sourceTree = "<group>"; };
		C3FFB2391F95C7950076589D /* RegisterController.xib */ = {isa = PBXFileReference; fileEncoding = 4; lastKnownFileType = file.xib; path = RegisterController.xib; sourceTree = "<group>"; };
		C3FFB24B1F974BEB0076589D /* RegisterLabelCell.h */ = {isa = PBXFileReference; fileEncoding = 4; lastKnownFileType = sourcecode.c.h; path = RegisterLabelCell.h; sourceTree = "<group>"; };
		C3FFB24C1F974BEB0076589D /* RegisterLabelCell.m */ = {isa = PBXFileReference; fileEncoding = 4; lastKnownFileType = sourcecode.c.objc; path = RegisterLabelCell.m; sourceTree = "<group>"; };
		C3FFB24D1F974BEB0076589D /* RegisterLabelCell.xib */ = {isa = PBXFileReference; fileEncoding = 4; lastKnownFileType = file.xib; path = RegisterLabelCell.xib; sourceTree = "<group>"; };
		C3FFB2501F974EEC0076589D /* RegisterTextCell.h */ = {isa = PBXFileReference; fileEncoding = 4; lastKnownFileType = sourcecode.c.h; path = RegisterTextCell.h; sourceTree = "<group>"; };
		C3FFB2511F974EEC0076589D /* RegisterTextCell.m */ = {isa = PBXFileReference; fileEncoding = 4; lastKnownFileType = sourcecode.c.objc; path = RegisterTextCell.m; sourceTree = "<group>"; };
		C3FFB2521F974EEC0076589D /* RegisterTextCell.xib */ = {isa = PBXFileReference; fileEncoding = 4; lastKnownFileType = file.xib; path = RegisterTextCell.xib; sourceTree = "<group>"; };
		C3FFB2551F9759920076589D /* AccessoryTableViewCell.h */ = {isa = PBXFileReference; fileEncoding = 4; lastKnownFileType = sourcecode.c.h; path = AccessoryTableViewCell.h; sourceTree = "<group>"; };
		C3FFB2561F9759920076589D /* AccessoryTableViewCell.m */ = {isa = PBXFileReference; fileEncoding = 4; lastKnownFileType = sourcecode.c.objc; path = AccessoryTableViewCell.m; sourceTree = "<group>"; };
		C3FFB2571F9759920076589D /* AccessoryTableViewCell.xib */ = {isa = PBXFileReference; fileEncoding = 4; lastKnownFileType = file.xib; path = AccessoryTableViewCell.xib; sourceTree = "<group>"; };
		C3FFB25A1F975D7F0076589D /* SexPickerView.h */ = {isa = PBXFileReference; fileEncoding = 4; lastKnownFileType = sourcecode.c.h; path = SexPickerView.h; sourceTree = "<group>"; };
		C3FFB25B1F975D7F0076589D /* SexPickerView.m */ = {isa = PBXFileReference; fileEncoding = 4; lastKnownFileType = sourcecode.c.objc; path = SexPickerView.m; sourceTree = "<group>"; };
		C3FFB25D1F9835650076589D /* SearchCityPage.h */ = {isa = PBXFileReference; fileEncoding = 4; lastKnownFileType = sourcecode.c.h; path = SearchCityPage.h; sourceTree = "<group>"; };
		C3FFB25E1F9835650076589D /* SearchCityPage.m */ = {isa = PBXFileReference; fileEncoding = 4; lastKnownFileType = sourcecode.c.objc; path = SearchCityPage.m; sourceTree = "<group>"; };
		C3FFB25F1F9835650076589D /* SearchCityPage.xib */ = {isa = PBXFileReference; fileEncoding = 4; lastKnownFileType = file.xib; path = SearchCityPage.xib; sourceTree = "<group>"; };
/* End PBXFileReference section */

/* Begin PBXFrameworksBuildPhase section */
		2EAE0E4C738318EDB8E8D190 /* Frameworks */ = {
			isa = PBXFrameworksBuildPhase;
			buildActionMask = 2147483647;
			files = (
			);
			runOnlyForDeploymentPostprocessing = 0;
		};
/* End PBXFrameworksBuildPhase section */

/* Begin PBXGroup section */
		2EAE00532FC347048A26D528 /* Supporting Files */ = {
			isa = PBXGroup;
			children = (
				2EAE039B55F4268899B75819 /* main.m */,
			);
			name = "Supporting Files";
			sourceTree = "<group>";
		};
		2EAE02F201E895044BE1E0C1 /* Products */ = {
			isa = PBXGroup;
			children = (
				2EAE064C981EB2590EB76DF7 /* UITableViewDemo.app */,
			);
			name = Products;
			sourceTree = "<group>";
		};
		2EAE03052654A4C5500611EC = {
			isa = PBXGroup;
			children = (
				2EAE02F201E895044BE1E0C1 /* Products */,
				2EAE08578E1F65398ED9CB58 /* UITableViewDemo */,
			);
			sourceTree = "<group>";
		};
		2EAE08578E1F65398ED9CB58 /* UITableViewDemo */ = {
			isa = PBXGroup;
			children = (
				2EAE0ECBF5E5FE5AA3832FC7 /* Info.plist */,
				2EAE0C60BAFFC9FF4ADA3921 /* Assets.xcassets */,
				2EAE015C9A8EFBC45D0E1644 /* LaunchScreen.storyboard */,
				2EAE00532FC347048A26D528 /* Supporting Files */,
				2EAE091392F1C32ECB697343 /* AppDelegate.h */,
				2EAE0A1F70FAD5389692F9A2 /* AppDelegate.m */,
				2EAE00382893106024597B4E /* Main.storyboard */,
				2EAE07F9AECA9A1E38669027 /* ViewController.h */,
				2EAE05F66395C3BB62256BEC /* ViewController.m */,
				2EAE0E38163ACE461975A45A /* User.m */,
				2EAE00489A4E7C0346BC77E5 /* User.h */,
				C3FFB1FB1F9484660076589D /* UserMessageCell.h */,
				C3FFB1FC1F9484660076589D /* UserMessageCell.m */,
				C3FFB1FD1F9484660076589D /* UserMessageCell.xib */,
				C3FFB2371F95C7950076589D /* RegisterController.h */,
				C3FFB2381F95C7950076589D /* RegisterController.m */,
				C3FFB2391F95C7950076589D /* RegisterController.xib */,
				2EAE04BCF1D12620E13ED20A /* DatePickerView.h */,
				2EAE070B0720B65B6D966D69 /* DatePickerView.m */,
				C3FFB24B1F974BEB0076589D /* RegisterLabelCell.h */,
				C3FFB24C1F974BEB0076589D /* RegisterLabelCell.m */,
				C3FFB24D1F974BEB0076589D /* RegisterLabelCell.xib */,
				C3FFB2501F974EEC0076589D /* RegisterTextCell.h */,
				C3FFB2511F974EEC0076589D /* RegisterTextCell.m */,
				C3FFB2521F974EEC0076589D /* RegisterTextCell.xib */,
				C3FFB2551F9759920076589D /* AccessoryTableViewCell.h */,
				C3FFB2561F9759920076589D /* AccessoryTableViewCell.m */,
				C3FFB2571F9759920076589D /* AccessoryTableViewCell.xib */,
				C3FFB25A1F975D7F0076589D /* SexPickerView.h */,
				C3FFB25B1F975D7F0076589D /* SexPickerView.m */,
				C3FFB25D1F9835650076589D /* SearchCityPage.h */,
				C3FFB25E1F9835650076589D /* SearchCityPage.m */,
				C3FFB25F1F9835650076589D /* SearchCityPage.xib */,
				2EAE0A551750830BD656911A /* RegisterObject.m */,
				2EAE0F10DEF2E8EF7BD2FFF6 /* RegisterObject.h */,
			);
			path = UITableViewDemo;
			sourceTree = "<group>";
		};
/* End PBXGroup section */

/* Begin PBXNativeTarget section */
		2EAE00660DF2CA628A5B058B /* UITableViewDemo */ = {
			isa = PBXNativeTarget;
			buildConfigurationList = 2EAE05056EC239AF391BB740 /* Build configuration list for PBXNativeTarget "UITableViewDemo" */;
			buildPhases = (
				2EAE0C49AA0F92C89F5CA1F8 /* Sources */,
				2EAE0E4C738318EDB8E8D190 /* Frameworks */,
				2EAE03CCD4A8D5C5FA2C692E /* Resources */,
			);
			buildRules = (
			);
			dependencies = (
			);
			name = UITableViewDemo;
			productName = UITableViewDemo;
			productReference = 2EAE064C981EB2590EB76DF7 /* UITableViewDemo.app */;
			productType = "com.apple.product-type.application";
		};
/* End PBXNativeTarget section */

/* Begin PBXProject section */
		2EAE0BAD65FF9718FE73EE1A /* Project object */ = {
			isa = PBXProject;
			attributes = {
				ORGANIZATIONNAME = CODY;
			};
			buildConfigurationList = 2EAE0CFA7C59C827DA9704D2 /* Build configuration list for PBXProject "UITableViewDemo" */;
			compatibilityVersion = "Xcode 3.2";
			developmentRegion = English;
			hasScannedForEncodings = 0;
			knownRegions = (
				en,
			);
			mainGroup = 2EAE03052654A4C5500611EC;
			productRefGroup = 2EAE02F201E895044BE1E0C1 /* Products */;
			projectDirPath = "";
			projectRoot = "";
			targets = (
				2EAE00660DF2CA628A5B058B /* UITableViewDemo */,
			);
		};
/* End PBXProject section */

/* Begin PBXResourcesBuildPhase section */
		2EAE03CCD4A8D5C5FA2C692E /* Resources */ = {
			isa = PBXResourcesBuildPhase;
			buildActionMask = 2147483647;
			files = (
				2EAE099EC9B61B6AD842FD8D /* Assets.xcassets in Resources */,
				2EAE066016A2E6A33DEBF2B8 /* LaunchScreen.storyboard in Resources */,
				C3FFB23B1F95C7950076589D /* RegisterController.xib in Resources */,
				C3FFB2541F974EEC0076589D /* RegisterTextCell.xib in Resources */,
				C3FFB2591F9759920076589D /* AccessoryTableViewCell.xib in Resources */,
				C3FFB24F1F974BEB0076589D /* RegisterLabelCell.xib in Resources */,
				C3FFB1FF1F9484660076589D /* UserMessageCell.xib in Resources */,
				2EAE009AA34C47920A9C756F /* Main.storyboard in Resources */,
				C3FFB2611F9835650076589D /* SearchCityPage.xib in Resources */,
			);
			runOnlyForDeploymentPostprocessing = 0;
		};
/* End PBXResourcesBuildPhase section */

/* Begin PBXSourcesBuildPhase section */
		2EAE0C49AA0F92C89F5CA1F8 /* Sources */ = {
			isa = PBXSourcesBuildPhase;
			buildActionMask = 2147483647;
			files = (
				2EAE0894F1361971CD867D1E /* main.m in Sources */,
				C3FFB1FE1F9484660076589D /* UserMessageCell.m in Sources */,
				C3FFB2581F9759920076589D /* AccessoryTableViewCell.m in Sources */,
				2EAE0123E07C5B55C5DDC81A /* AppDelegate.m in Sources */,
				C3FFB2531F974EEC0076589D /* RegisterTextCell.m in Sources */,
				C3FFB2601F9835650076589D /* SearchCityPage.m in Sources */,
				C3FFB23A1F95C7950076589D /* RegisterController.m in Sources */,
				2EAE02ED58561F87A4BD6C2D /* ViewController.m in Sources */,
				C3FFB24E1F974BEB0076589D /* RegisterLabelCell.m in Sources */,
				2EAE0BDF3C8DB050D6F4D8EE /* User.m in Sources */,
				C3FFB25C1F975D7F0076589D /* SexPickerView.m in Sources */,
				2EAE0DCB5B853995000BD326 /* DatePickerView.m in Sources */,
				2EAE084B097984D3AFBDBA04 /* RegisterObject.m in Sources */,
			);
			runOnlyForDeploymentPostprocessing = 0;
		};
/* End PBXSourcesBuildPhase section */

/* Begin PBXVariantGroup section */
		2EAE00382893106024597B4E /* Main.storyboard */ = {
			isa = PBXVariantGroup;
			children = (
				2EAE0C867F43103093F0AF4A /* Base */,
			);
			name = Main.storyboard;
			sourceTree = "<group>";
		};
		2EAE015C9A8EFBC45D0E1644 /* LaunchScreen.storyboard */ = {
			isa = PBXVariantGroup;
			children = (
				2EAE0FCAED30E7588304467D /* Base */,
			);
			name = LaunchScreen.storyboard;
			sourceTree = "<group>";
		};
/* End PBXVariantGroup section */

/* Begin XCBuildConfiguration section */
		2EAE027D9887EA9BCD7759B6 /* Debug */ = {
			isa = XCBuildConfiguration;
			buildSettings = {
				ALWAYS_SEARCH_USER_PATHS = NO;
				CLANG_ANALYZER_NONNULL = YES;
				CLANG_CXX_LANGUAGE_STANDARD = "gnu++0x";
				CLANG_CXX_LIBRARY = "libc++";
				CLANG_ENABLE_MODULES = YES;
				CLANG_ENABLE_OBJC_ARC = YES;
				CLANG_WARN_BOOL_CONVERSION = YES;
				CLANG_WARN_CONSTANT_CONVERSION = YES;
				CLANG_WARN_DIRECT_OBJC_ISA_USAGE = YES_ERROR;
				CLANG_WARN_DOCUMENTATION_COMMENTS = YES;
				CLANG_WARN_EMPTY_BODY = YES;
				CLANG_WARN_ENUM_CONVERSION = YES;
				CLANG_WARN_INFINITE_RECURSION = YES;
				CLANG_WARN_INT_CONVERSION = YES;
				CLANG_WARN_OBJC_ROOT_CLASS = YES_ERROR;
				CLANG_WARN_SUSPICIOUS_MOVE = YES;
				CLANG_WARN_UNREACHABLE_CODE = YES;
				CLANG_WARN__DUPLICATE_METHOD_MATCH = YES;
				"CODE_SIGN_IDENTITY[sdk=iphoneos*]" = "iPhone Developer";
				COPY_PHASE_STRIP = NO;
				DEBUG_INFORMATION_FORMAT = dwarf;
				ENABLE_STRICT_OBJC_MSGSEND = YES;
				ENABLE_TESTABILITY = YES;
				GCC_C_LANGUAGE_STANDARD = gnu99;
				GCC_DYNAMIC_NO_PIC = NO;
				GCC_NO_COMMON_BLOCKS = YES;
				GCC_OPTIMIZATION_LEVEL = 0;
				GCC_PREPROCESSOR_DEFINITIONS = (
					"DEBUG=1",
					"$(inherited)",
				);
				GCC_WARN_64_TO_32_BIT_CONVERSION = YES;
				GCC_WARN_ABOUT_RETURN_TYPE = YES_ERROR;
				GCC_WARN_UNDECLARED_SELECTOR = YES;
				GCC_WARN_UNINITIALIZED_AUTOS = YES_AGGRESSIVE;
				GCC_WARN_UNUSED_FUNCTION = YES;
				GCC_WARN_UNUSED_VARIABLE = YES;
				IPHONEOS_DEPLOYMENT_TARGET = 10.2;
				MTL_ENABLE_DEBUG_INFO = YES;
				ONLY_ACTIVE_ARCH = YES;
				SDKROOT = iphoneos;
			};
			name = Debug;
		};
		2EAE0783CBA7616BABE81952 /* Release */ = {
			isa = XCBuildConfiguration;
			buildSettings = {
				ASSETCATALOG_COMPILER_APPICON_NAME = AppIcon;
				INFOPLIST_FILE = UITableViewDemo/Info.plist;
				LD_RUNPATH_SEARCH_PATHS = "$(inherited) @executable_path/Frameworks";
				PRODUCT_BUNDLE_IDENTIFIER = oocl.UITableViewDemo;
				PRODUCT_NAME = "$(TARGET_NAME)";
			};
			name = Release;
		};
		2EAE0C5B627EC0E8D0566C95 /* Release */ = {
			isa = XCBuildConfiguration;
			buildSettings = {
				ALWAYS_SEARCH_USER_PATHS = NO;
				CLANG_ANALYZER_NONNULL = YES;
				CLANG_CXX_LANGUAGE_STANDARD = "gnu++0x";
				CLANG_CXX_LIBRARY = "libc++";
				CLANG_ENABLE_MODULES = YES;
				CLANG_ENABLE_OBJC_ARC = YES;
				CLANG_WARN_BOOL_CONVERSION = YES;
				CLANG_WARN_CONSTANT_CONVERSION = YES;
				CLANG_WARN_DIRECT_OBJC_ISA_USAGE = YES_ERROR;
				CLANG_WARN_DOCUMENTATION_COMMENTS = YES;
				CLANG_WARN_EMPTY_BODY = YES;
				CLANG_WARN_ENUM_CONVERSION = YES;
				CLANG_WARN_INFINITE_RECURSION = YES;
				CLANG_WARN_INT_CONVERSION = YES;
				CLANG_WARN_OBJC_ROOT_CLASS = YES_ERROR;
				CLANG_WARN_SUSPICIOUS_MOVE = YES;
				CLANG_WARN_UNREACHABLE_CODE = YES;
				CLANG_WARN__DUPLICATE_METHOD_MATCH = YES;
				"CODE_SIGN_IDENTITY[sdk=iphoneos*]" = "iPhone Developer";
				COPY_PHASE_STRIP = NO;
				DEBUG_INFORMATION_FORMAT = "dwarf-with-dsym";
				ENABLE_NS_ASSERTIONS = NO;
				ENABLE_STRICT_OBJC_MSGSEND = YES;
				GCC_C_LANGUAGE_STANDARD = gnu99;
				GCC_NO_COMMON_BLOCKS = YES;
				GCC_WARN_64_TO_32_BIT_CONVERSION = YES;
				GCC_WARN_ABOUT_RETURN_TYPE = YES_ERROR;
				GCC_WARN_UNDECLARED_SELECTOR = YES;
				GCC_WARN_UNINITIALIZED_AUTOS = YES_AGGRESSIVE;
				GCC_WARN_UNUSED_FUNCTION = YES;
				GCC_WARN_UNUSED_VARIABLE = YES;
				IPHONEOS_DEPLOYMENT_TARGET = 10.2;
				MTL_ENABLE_DEBUG_INFO = NO;
				SDKROOT = iphoneos;
				VALIDATE_PRODUCT = YES;
			};
			name = Release;
		};
		2EAE0F7741E186AAE5225043 /* Debug */ = {
			isa = XCBuildConfiguration;
			buildSettings = {
				ASSETCATALOG_COMPILER_APPICON_NAME = AppIcon;
				INFOPLIST_FILE = UITableViewDemo/Info.plist;
				LD_RUNPATH_SEARCH_PATHS = "$(inherited) @executable_path/Frameworks";
				PRODUCT_BUNDLE_IDENTIFIER = oocl.UITableViewDemo;
				PRODUCT_NAME = "$(TARGET_NAME)";
			};
			name = Debug;
		};
/* End XCBuildConfiguration section */

/* Begin XCConfigurationList section */
		2EAE05056EC239AF391BB740 /* Build configuration list for PBXNativeTarget "UITableViewDemo" */ = {
			isa = XCConfigurationList;
			buildConfigurations = (
				2EAE0F7741E186AAE5225043 /* Debug */,
				2EAE0783CBA7616BABE81952 /* Release */,
			);
			defaultConfigurationIsVisible = 0;
			defaultConfigurationName = Release;
		};
		2EAE0CFA7C59C827DA9704D2 /* Build configuration list for PBXProject "UITableViewDemo" */ = {
			isa = XCConfigurationList;
			buildConfigurations = (
				2EAE027D9887EA9BCD7759B6 /* Debug */,
				2EAE0C5B627EC0E8D0566C95 /* Release */,
			);
			defaultConfigurationIsVisible = 0;
			defaultConfigurationName = Release;
		};
/* End XCConfigurationList section */
	};
	rootObject = 2EAE0BAD65FF9718FE73EE1A /* Project object */;
}
